
Microsoft Visual Studio Solution File, Format Version 12.00
# Visual Studio Version 16
VisualStudioVersion = 16.0.31729.503
MinimumVisualStudioVersion = 10.0.40219.1
Project("{9A19103F-16F7-4668-BE54-9A1E7A4F7556}") = "BookEntity", "BookEntity\BookEntity.csproj", "{C8E9B69E-6FE3-49FE-AE30-2219B0F7ED26}"
EndProject
Global
	GlobalSection(SolutionConfigurationPlatforms) = preSolution
		Debug|Any CPU = Debug|Any CPU
		Release|Any CPU = Release|Any CPU
	EndGlobalSection
	GlobalSection(ProjectConfigurationPlatforms) = postSolution
		{C8E9B69E-6FE3-49FE-AE30-2219B0F7ED26}.Debug|Any CPU.ActiveCfg = Debug|Any CPU
		{C8E9B69E-6FE3-49FE-AE30-2219B0F7ED26}.Debug|Any CPU.Build.0 = Debug|Any CPU
		{C8E9B69E-6FE3-49FE-AE30-2219B0F7ED26}.Release|Any CPU.ActiveCfg = Release|Any CPU
		{C8E9B69E-6FE3-49FE-AE30-2219B0F7ED26}.Release|Any CPU.Build.0 = Release|Any CPU
	EndGlobalSection
	GlobalSection(SolutionProperties) = preSolution
		HideSolutionNode = FALSE
	EndGlobalSection
	GlobalSection(ExtensibilityGlobals) = postSolution
		SolutionGuid = {61CA0B95-0D76-4EA3-9753-969B3D1CB3F2}
	EndGlobalSection
EndGlobal
